
Microsoft Visual Studio Solution File, Format Version 11.00
# Visual Studio 2010
Project("{FAE04EC0-301F-11D3-BF4B-00C04F79EFBC}") = "EvoSimApp", "EvoSimApp\EvoSimApp.csproj", "{2C5242E1-5B90-4B7B-9BAF-5B8B3CEFFD82}"
EndProject
Project("{FAE04EC0-301F-11D3-BF4B-00C04F79EFBC}") = "Ecosistema", "Ecosistema\Ecosistema.csproj", "{93FE1800-8A28-498B-8B09-BEC30D5702E5}"
EndProject
Global
	GlobalSection(SolutionConfigurationPlatforms) = preSolution
		Debug|Any CPU = Debug|Any CPU
		Debug|Mixed Platforms = Debug|Mixed Platforms
		Debug|x86 = Debug|x86
		Release|Any CPU = Release|Any CPU
		Release|Mixed Platforms = Release|Mixed Platforms
		Release|x86 = Release|x86
	EndGlobalSection
	GlobalSection(ProjectConfigurationPlatforms) = postSolution
		{2C5242E1-5B90-4B7B-9BAF-5B8B3CEFFD82}.Debug|Any CPU.ActiveCfg = Debug|x86
		{2C5242E1-5B90-4B7B-9BAF-5B8B3CEFFD82}.Debug|Mixed Platforms.ActiveCfg = Debug|x86
		{2C5242E1-5B90-4B7B-9BAF-5B8B3CEFFD82}.Debug|Mixed Platforms.Build.0 = Debug|x86
		{2C5242E1-5B90-4B7B-9BAF-5B8B3CEFFD82}.Debug|x86.ActiveCfg = Debug|x86
		{2C5242E1-5B90-4B7B-9BAF-5B8B3CEFFD82}.Debug|x86.Build.0 = Debug|x86
		{2C5242E1-5B90-4B7B-9BAF-5B8B3CEFFD82}.Release|Any CPU.ActiveCfg = Release|x86
		{2C5242E1-5B90-4B7B-9BAF-5B8B3CEFFD82}.Release|Mixed Platforms.ActiveCfg = Release|x86
		{2C5242E1-5B90-4B7B-9BAF-5B8B3CEFFD82}.Release|Mixed Platforms.Build.0 = Release|x86
		{2C5242E1-5B90-4B7B-9BAF-5B8B3CEFFD82}.Release|x86.ActiveCfg = Release|x86
		{2C5242E1-5B90-4B7B-9BAF-5B8B3CEFFD82}.Release|x86.Build.0 = Release|x86
		{93FE1800-8A28-498B-8B09-BEC30D5702E5}.Debug|Any CPU.ActiveCfg = Debug|Any CPU
		{93FE1800-8A28-498B-8B09-BEC30D5702E5}.Debug|Any CPU.Build.0 = Debug|Any CPU
		{93FE1800-8A28-498B-8B09-BEC30D5702E5}.Debug|Mixed Platforms.ActiveCfg = Debug|Any CPU
		{93FE1800-8A28-498B-8B09-BEC30D5702E5}.Debug|Mixed Platforms.Build.0 = Debug|Any CPU
		{93FE1800-8A28-498B-8B09-BEC30D5702E5}.Debug|x86.ActiveCfg = Debug|Any CPU
		{93FE1800-8A28-498B-8B09-BEC30D5702E5}.Release|Any CPU.ActiveCfg = Release|Any CPU
		{93FE1800-8A28-498B-8B09-BEC30D5702E5}.Release|Any CPU.Build.0 = Release|Any CPU
		{93FE1800-8A28-498B-8B09-BEC30D5702E5}.Release|Mixed Platforms.ActiveCfg = Release|Any CPU
		{93FE1800-8A28-498B-8B09-BEC30D5702E5}.Release|Mixed Platforms.Build.0 = Release|Any CPU
		{93FE1800-8A28-498B-8B09-BEC30D5702E5}.Release|x86.ActiveCfg = Release|Any CPU
	EndGlobalSection
	GlobalSection(SolutionProperties) = preSolution
		HideSolutionNode = FALSE
	EndGlobalSection
EndGlobal
